
Microsoft Visual Studio Solution File, Format Version 12.00
# Visual Studio Version 16
VisualStudioVersion = 16.0.31729.503
MinimumVisualStudioVersion = 10.0.40219.1
Project("{FAE04EC0-301F-11D3-BF4B-00C04F79EFBC}") = "Feature.FormsExtensions", "Feature.FormsExtensions\Feature.FormsExtensions.csproj", "{4595B11B-357B-4D86-B361-7BBADAF9C616}"
EndProject
Global
	GlobalSection(SolutionConfigurationPlatforms) = preSolution
		Debug|Any CPU = Debug|Any CPU
		Release|Any CPU = Release|Any CPU
	EndGlobalSection
	GlobalSection(ProjectConfigurationPlatforms) = postSolution
		{4595B11B-357B-4D86-B361-7BBADAF9C616}.Debug|Any CPU.ActiveCfg = Debug|Any CPU
		{4595B11B-357B-4D86-B361-7BBADAF9C616}.Debug|Any CPU.Build.0 = Debug|Any CPU
		{4595B11B-357B-4D86-B361-7BBADAF9C616}.Release|Any CPU.ActiveCfg = Release|Any CPU
		{4595B11B-357B-4D86-B361-7BBADAF9C616}.Release|Any CPU.Build.0 = Release|Any CPU
	EndGlobalSection
	GlobalSection(SolutionProperties) = preSolution
		HideSolutionNode = FALSE
	EndGlobalSection
	GlobalSection(ExtensibilityGlobals) = postSolution
		SolutionGuid = {A404DE75-54B4-4063-9285-DD8E95913675}
	EndGlobalSection
EndGlobal
